<?xml version="1.0" encoding="utf-8"?>
<Project ToolsVersion="17.0" xmlns="http://schemas.microsoft.com/developer/msbuild/2003">
  <ItemGroup>
    <ClCompile Include="D:\Work\leetcode\QtModelBuilder\gAPHD_autogen\mocs_compilation_Debug.cpp">
      <Filter>Source Files\Generated</Filter>
    </ClCompile>
    <ClCompile Include="D:\Work\leetcode\QtModelBuilder\qrc_qml.cpp">
      <Filter>Source Files\Generated</Filter>
    </ClCompile>
    <ClCompile Include="D:\Work\leetcode\QtModelBuilder\src\ConnectionType.cpp">
      <Filter>Source Files</Filter>
    </ClCompile>
    <ClCompile Include="D:\Work\leetcode\QtModelBuilder\src\Controler.cpp">
      <Filter>Source Files</Filter>
    </ClCompile>
    <ClCompile Include="D:\Work\leetcode\QtModelBuilder\src\DndControler.cpp">
      <Filter>Source Files</Filter>
    </ClCompile>
    <ClCompile Include="D:\Work\leetcode\QtModelBuilder\src\DndTree.cpp">
      <Filter>Source Files</Filter>
    </ClCompile>
    <ClCompile Include="D:\Work\leetcode\QtModelBuilder\src\MetaData.cpp">
      <Filter>Source Files</Filter>
    </ClCompile>
    <ClCompile Include="D:\Work\leetcode\QtModelBuilder\src\Model.cpp">
      <Filter>Source Files</Filter>
    </ClCompile>
    <ClCompile Include="D:\Work\leetcode\QtModelBuilder\src\TreeModel.cpp">
      <Filter>Source Files</Filter>
    </ClCompile>
    <ClCompile Include="D:\Work\leetcode\QtModelBuilder\src\Variable.cpp">
      <Filter>Source Files</Filter>
    </ClCompile>
    <ClCompile Include="D:\Work\leetcode\QtModelBuilder\src\VariableType.cpp">
      <Filter>Source Files</Filter>
    </ClCompile>
    <ClCompile Include="D:\Work\leetcode\QtModelBuilder\src\main.cpp">
      <Filter>Source Files</Filter>
    </ClCompile>
    <ClCompile Include="D:\Work\leetcode\QtModelBuilder\gAPHD_autogen\mocs_compilation_Release.cpp">
      <Filter>Source Files\Generated</Filter>
    </ClCompile>
    <ClCompile Include="D:\Work\leetcode\QtModelBuilder\gAPHD_autogen\mocs_compilation_MinSizeRel.cpp">
      <Filter>Source Files\Generated</Filter>
    </ClCompile>
    <ClCompile Include="D:\Work\leetcode\QtModelBuilder\gAPHD_autogen\mocs_compilation_RelWithDebInfo.cpp">
      <Filter>Source Files\Generated</Filter>
    </ClCompile>
  </ItemGroup>
  <ItemGroup>
    <ClInclude Include="D:\Work\leetcode\QtModelBuilder\include\ConnectionType.h">
      <Filter>Header Files</Filter>
    </ClInclude>
    <ClInclude Include="D:\Work\leetcode\QtModelBuilder\include\Controler.h">
      <Filter>Header Files</Filter>
    </ClInclude>
    <ClInclude Include="D:\Work\leetcode\QtModelBuilder\include\DndControler.h">
      <Filter>Header Files</Filter>
    </ClInclude>
    <ClInclude Include="D:\Work\leetcode\QtModelBuilder\include\DndTree.h">
      <Filter>Header Files</Filter>
    </ClInclude>
    <ClInclude Include="D:\Work\leetcode\QtModelBuilder\include\MetaData.h">
      <Filter>Header Files</Filter>
    </ClInclude>
    <ClInclude Include="D:\Work\leetcode\QtModelBuilder\include\Model.h">
      <Filter>Header Files</Filter>
    </ClInclude>
    <ClInclude Include="D:\Work\leetcode\QtModelBuilder\include\TreeModel.h">
      <Filter>Header Files</Filter>
    </ClInclude>
    <ClInclude Include="D:\Work\leetcode\QtModelBuilder\include\Variable.h">
      <Filter>Header Files</Filter>
    </ClInclude>
    <ClInclude Include="D:\Work\leetcode\QtModelBuilder\include\VariableType.h">
      <Filter>Header Files</Filter>
    </ClInclude>
  </ItemGroup>
  <ItemGroup>
    <CustomBuild Include="D:\Work\leetcode\QtModelBuilder\src\gui\qml.qrc" />
    <CustomBuild Include="D:\Work\leetcode\QtModelBuilder\CMakeLists.txt" />
  </ItemGroup>
  <ItemGroup>
    <Filter Include="Header Files">
      <UniqueIdentifier>{3FCA9114-C257-3CE3-9B88-7C5A70B3813F}</UniqueIdentifier>
    </Filter>
    <Filter Include="Source Files">
      <UniqueIdentifier>{A90787CC-E3C3-3841-8F11-C9FBDF09D845}</UniqueIdentifier>
    </Filter>
    <Filter Include="Source Files\Generated">
      <UniqueIdentifier>{93DA95A0-940B-3DE4-8DB9-8A1A06D533DC}</UniqueIdentifier>
    </Filter>
  </ItemGroup>
</Project>
