
Microsoft Visual Studio Solution File, Format Version 12.00
# Visual Studio Version 17
Project("{2150E333-8FDC-42A3-9474-1A3956D46DE8}") = "CMakePredefinedTargets", "CMakePredefinedTargets", "{769B6569-3B18-33C1-BFD9-78942D9102F7}"
EndProject
Project("{2150E333-8FDC-42A3-9474-1A3956D46DE8}") = "QtInternalTargets", "QtInternalTargets", "{6960496B-8522-3BE9-9DEF-BD3F19840E08}"
EndProject
Project("{8BC9CEB8-8B4A-11D0-8D11-00A0C91BC942}") = "ALL_BUILD", "ALL_BUILD.vcxproj", "{1996B6A4-F24E-332F-98D7-08CAB785D529}"
	ProjectSection(ProjectDependencies) = postProject
		{2AA009D8-D081-3C80-B914-B94520346622} = {2AA009D8-D081-3C80-B914-B94520346622}
		{BE14CFE9-0D85-395B-B4E1-EA509EE5F259} = {BE14CFE9-0D85-395B-B4E1-EA509EE5F259}
	EndProjectSection
EndProject
Project("{8BC9CEB8-8B4A-11D0-8D11-00A0C91BC942}") = "INSTALL", "INSTALL.vcxproj", "{DEB61BD6-8B28-36C9-8AFF-8088C435254A}"
	ProjectSection(ProjectDependencies) = postProject
		{1996B6A4-F24E-332F-98D7-08CAB785D529} = {1996B6A4-F24E-332F-98D7-08CAB785D529}
		{2AA009D8-D081-3C80-B914-B94520346622} = {2AA009D8-D081-3C80-B914-B94520346622}
	EndProjectSection
EndProject
Project("{8BC9CEB8-8B4A-11D0-8D11-00A0C91BC942}") = "ZERO_CHECK", "ZERO_CHECK.vcxproj", "{2AA009D8-D081-3C80-B914-B94520346622}"
	ProjectSection(ProjectDependencies) = postProject
	EndProjectSection
EndProject
Project("{8BC9CEB8-8B4A-11D0-8D11-00A0C91BC942}") = "gAPHD", "gAPHD.vcxproj", "{BE14CFE9-0D85-395B-B4E1-EA509EE5F259}"
	ProjectSection(ProjectDependencies) = postProject
		{2AA009D8-D081-3C80-B914-B94520346622} = {2AA009D8-D081-3C80-B914-B94520346622}
		{B4004B34-0FAF-3227-A2EE-1BEC52FCE657} = {B4004B34-0FAF-3227-A2EE-1BEC52FCE657}
	EndProjectSection
EndProject
Project("{8BC9CEB8-8B4A-11D0-8D11-00A0C91BC942}") = "gAPHD_qmlimportscan", "gAPHD_qmlimportscan.vcxproj", "{B4004B34-0FAF-3227-A2EE-1BEC52FCE657}"
	ProjectSection(ProjectDependencies) = postProject
		{2AA009D8-D081-3C80-B914-B94520346622} = {2AA009D8-D081-3C80-B914-B94520346622}
	EndProjectSection
EndProject
Global
	GlobalSection(SolutionConfigurationPlatforms) = preSolution
		Debug|x64 = Debug|x64
		Release|x64 = Release|x64
		MinSizeRel|x64 = MinSizeRel|x64
		RelWithDebInfo|x64 = RelWithDebInfo|x64
	EndGlobalSection
	GlobalSection(ProjectConfigurationPlatforms) = postSolution
		{1996B6A4-F24E-332F-98D7-08CAB785D529}.Debug|x64.ActiveCfg = Debug|x64
		{1996B6A4-F24E-332F-98D7-08CAB785D529}.Debug|x64.Build.0 = Debug|x64
		{1996B6A4-F24E-332F-98D7-08CAB785D529}.Release|x64.ActiveCfg = Release|x64
		{1996B6A4-F24E-332F-98D7-08CAB785D529}.Release|x64.Build.0 = Release|x64
		{1996B6A4-F24E-332F-98D7-08CAB785D529}.MinSizeRel|x64.ActiveCfg = MinSizeRel|x64
		{1996B6A4-F24E-332F-98D7-08CAB785D529}.MinSizeRel|x64.Build.0 = MinSizeRel|x64
		{1996B6A4-F24E-332F-98D7-08CAB785D529}.RelWithDebInfo|x64.ActiveCfg = RelWithDebInfo|x64
		{1996B6A4-F24E-332F-98D7-08CAB785D529}.RelWithDebInfo|x64.Build.0 = RelWithDebInfo|x64
		{DEB61BD6-8B28-36C9-8AFF-8088C435254A}.Debug|x64.ActiveCfg = Debug|x64
		{DEB61BD6-8B28-36C9-8AFF-8088C435254A}.Release|x64.ActiveCfg = Release|x64
		{DEB61BD6-8B28-36C9-8AFF-8088C435254A}.MinSizeRel|x64.ActiveCfg = MinSizeRel|x64
		{DEB61BD6-8B28-36C9-8AFF-8088C435254A}.RelWithDebInfo|x64.ActiveCfg = RelWithDebInfo|x64
		{2AA009D8-D081-3C80-B914-B94520346622}.Debug|x64.ActiveCfg = Debug|x64
		{2AA009D8-D081-3C80-B914-B94520346622}.Debug|x64.Build.0 = Debug|x64
		{2AA009D8-D081-3C80-B914-B94520346622}.Release|x64.ActiveCfg = Release|x64
		{2AA009D8-D081-3C80-B914-B94520346622}.Release|x64.Build.0 = Release|x64
		{2AA009D8-D081-3C80-B914-B94520346622}.MinSizeRel|x64.ActiveCfg = MinSizeRel|x64
		{2AA009D8-D081-3C80-B914-B94520346622}.MinSizeRel|x64.Build.0 = MinSizeRel|x64
		{2AA009D8-D081-3C80-B914-B94520346622}.RelWithDebInfo|x64.ActiveCfg = RelWithDebInfo|x64
		{2AA009D8-D081-3C80-B914-B94520346622}.RelWithDebInfo|x64.Build.0 = RelWithDebInfo|x64
		{BE14CFE9-0D85-395B-B4E1-EA509EE5F259}.Debug|x64.ActiveCfg = Debug|x64
		{BE14CFE9-0D85-395B-B4E1-EA509EE5F259}.Debug|x64.Build.0 = Debug|x64
		{BE14CFE9-0D85-395B-B4E1-EA509EE5F259}.Release|x64.ActiveCfg = Release|x64
		{BE14CFE9-0D85-395B-B4E1-EA509EE5F259}.Release|x64.Build.0 = Release|x64
		{BE14CFE9-0D85-395B-B4E1-EA509EE5F259}.MinSizeRel|x64.ActiveCfg = MinSizeRel|x64
		{BE14CFE9-0D85-395B-B4E1-EA509EE5F259}.MinSizeRel|x64.Build.0 = MinSizeRel|x64
		{BE14CFE9-0D85-395B-B4E1-EA509EE5F259}.RelWithDebInfo|x64.ActiveCfg = RelWithDebInfo|x64
		{BE14CFE9-0D85-395B-B4E1-EA509EE5F259}.RelWithDebInfo|x64.Build.0 = RelWithDebInfo|x64
		{B4004B34-0FAF-3227-A2EE-1BEC52FCE657}.Debug|x64.ActiveCfg = Debug|x64
		{B4004B34-0FAF-3227-A2EE-1BEC52FCE657}.Debug|x64.Build.0 = Debug|x64
		{B4004B34-0FAF-3227-A2EE-1BEC52FCE657}.Release|x64.ActiveCfg = Release|x64
		{B4004B34-0FAF-3227-A2EE-1BEC52FCE657}.Release|x64.Build.0 = Release|x64
		{B4004B34-0FAF-3227-A2EE-1BEC52FCE657}.MinSizeRel|x64.ActiveCfg = MinSizeRel|x64
		{B4004B34-0FAF-3227-A2EE-1BEC52FCE657}.MinSizeRel|x64.Build.0 = MinSizeRel|x64
		{B4004B34-0FAF-3227-A2EE-1BEC52FCE657}.RelWithDebInfo|x64.ActiveCfg = RelWithDebInfo|x64
		{B4004B34-0FAF-3227-A2EE-1BEC52FCE657}.RelWithDebInfo|x64.Build.0 = RelWithDebInfo|x64
	EndGlobalSection
	GlobalSection(NestedProjects) = preSolution
		{1996B6A4-F24E-332F-98D7-08CAB785D529} = {769B6569-3B18-33C1-BFD9-78942D9102F7}
		{DEB61BD6-8B28-36C9-8AFF-8088C435254A} = {769B6569-3B18-33C1-BFD9-78942D9102F7}
		{2AA009D8-D081-3C80-B914-B94520346622} = {769B6569-3B18-33C1-BFD9-78942D9102F7}
		{B4004B34-0FAF-3227-A2EE-1BEC52FCE657} = {6960496B-8522-3BE9-9DEF-BD3F19840E08}
	EndGlobalSection
	GlobalSection(ExtensibilityGlobals) = postSolution
		SolutionGuid = {4C38B038-B04D-33A3-A6AB-1E920138EF59}
	EndGlobalSection
	GlobalSection(ExtensibilityAddIns) = postSolution
	EndGlobalSection
EndGlobal
